
Microsoft Visual Studio Solution File, Format Version 10.00
# Visual Studio 2008
Project("{FAE04EC0-301F-11D3-BF4B-00C04F79EFBC}") = "GameProject", "GameProject.csproj", "{265639DF-A7FB-44E0-9187-C10456F3A70A}"
EndProject
Global
	GlobalSection(SolutionConfigurationPlatforms) = preSolution
		Debug|Any CPU = Debug|Any CPU
		Debug|Mixed Platforms = Debug|Mixed Platforms
		Debug|x86 = Debug|x86
		Debug|Xbox 360 = Debug|Xbox 360
		Debug|Zune = Debug|Zune
		Release|Any CPU = Release|Any CPU
		Release|Mixed Platforms = Release|Mixed Platforms
		Release|x86 = Release|x86
		Release|Xbox 360 = Release|Xbox 360
		Release|Zune = Release|Zune
	EndGlobalSection
	GlobalSection(ProjectConfigurationPlatforms) = postSolution
		{265639DF-A7FB-44E0-9187-C10456F3A70A}.Debug|Any CPU.ActiveCfg = Debug|x86
		{265639DF-A7FB-44E0-9187-C10456F3A70A}.Debug|Mixed Platforms.ActiveCfg = Debug|x86
		{265639DF-A7FB-44E0-9187-C10456F3A70A}.Debug|Mixed Platforms.Build.0 = Debug|x86
		{265639DF-A7FB-44E0-9187-C10456F3A70A}.Debug|x86.ActiveCfg = Debug|x86
		{265639DF-A7FB-44E0-9187-C10456F3A70A}.Debug|x86.Build.0 = Debug|x86
		{265639DF-A7FB-44E0-9187-C10456F3A70A}.Debug|Xbox 360.ActiveCfg = Debug|x86
		{265639DF-A7FB-44E0-9187-C10456F3A70A}.Debug|Zune.ActiveCfg = Debug|x86
		{265639DF-A7FB-44E0-9187-C10456F3A70A}.Release|Any CPU.ActiveCfg = Release|x86
		{265639DF-A7FB-44E0-9187-C10456F3A70A}.Release|Mixed Platforms.ActiveCfg = Release|x86
		{265639DF-A7FB-44E0-9187-C10456F3A70A}.Release|Mixed Platforms.Build.0 = Release|x86
		{265639DF-A7FB-44E0-9187-C10456F3A70A}.Release|x86.ActiveCfg = Release|x86
		{265639DF-A7FB-44E0-9187-C10456F3A70A}.Release|x86.Build.0 = Release|x86
		{265639DF-A7FB-44E0-9187-C10456F3A70A}.Release|Xbox 360.ActiveCfg = Release|x86
		{265639DF-A7FB-44E0-9187-C10456F3A70A}.Release|Zune.ActiveCfg = Release|x86
		{2679F711-29C0-4BB7-9FF0-90DFCDC3D239}.Debug|Any CPU.ActiveCfg = Debug|x86
		{2679F711-29C0-4BB7-9FF0-90DFCDC3D239}.Debug|Mixed Platforms.ActiveCfg = Debug|x86
		{2679F711-29C0-4BB7-9FF0-90DFCDC3D239}.Debug|x86.ActiveCfg = Debug|x86
		{2679F711-29C0-4BB7-9FF0-90DFCDC3D239}.Debug|Xbox 360.ActiveCfg = Debug|x86
		{2679F711-29C0-4BB7-9FF0-90DFCDC3D239}.Debug|Zune.ActiveCfg = Debug|x86
		{2679F711-29C0-4BB7-9FF0-90DFCDC3D239}.Release|Any CPU.ActiveCfg = Release|x86
		{2679F711-29C0-4BB7-9FF0-90DFCDC3D239}.Release|Mixed Platforms.ActiveCfg = Release|x86
		{2679F711-29C0-4BB7-9FF0-90DFCDC3D239}.Release|x86.ActiveCfg = Release|x86
		{2679F711-29C0-4BB7-9FF0-90DFCDC3D239}.Release|Xbox 360.ActiveCfg = Release|x86
		{2679F711-29C0-4BB7-9FF0-90DFCDC3D239}.Release|Zune.ActiveCfg = Release|x86
	EndGlobalSection
	GlobalSection(SolutionProperties) = preSolution
		HideSolutionNode = FALSE
	EndGlobalSection
EndGlobal
